
Microsoft Visual Studio Solution File, Format Version 12.00
# Visual Studio Version 17
VisualStudioVersion = 17.0.31912.275
MinimumVisualStudioVersion = 10.0.40219.1
Project("{FAE04EC0-301F-11D3-BF4B-00C04F79EFBC}") = "Background_Timer", "Background_Timer\Background_Timer.csproj", "{E3E96B25-FA1D-4D9B-906F-684448C343CD}"
EndProject
Global
	GlobalSection(SolutionConfigurationPlatforms) = preSolution
		Debug|Any CPU = Debug|Any CPU
		Release|Any CPU = Release|Any CPU
	EndGlobalSection
	GlobalSection(ProjectConfigurationPlatforms) = postSolution
		{E3E96B25-FA1D-4D9B-906F-684448C343CD}.Debug|Any CPU.ActiveCfg = Debug|Any CPU
		{E3E96B25-FA1D-4D9B-906F-684448C343CD}.Debug|Any CPU.Build.0 = Debug|Any CPU
		{E3E96B25-FA1D-4D9B-906F-684448C343CD}.Release|Any CPU.ActiveCfg = Release|Any CPU
		{E3E96B25-FA1D-4D9B-906F-684448C343CD}.Release|Any CPU.Build.0 = Release|Any CPU
	EndGlobalSection
	GlobalSection(SolutionProperties) = preSolution
		HideSolutionNode = FALSE
	EndGlobalSection
	GlobalSection(ExtensibilityGlobals) = postSolution
		SolutionGuid = {DE9BE611-8BB9-48DB-AD60-CF5084FB5C9B}
	EndGlobalSection
EndGlobal
